
Microsoft Visual Studio Solution File, Format Version 12.00
# Visual Studio Version 17
VisualStudioVersion = 17.7.34009.444
MinimumVisualStudioVersion = 10.0.40219.1
Project("{9A19103F-16F7-4668-BE54-9A1E7A4F7556}") = "01.NumbersFrom1To10", "..\01.NumbersFrom1To10\01.NumbersFrom1To10.csproj", "{0B2BA022-531A-416D-B88B-96142720D848}"
EndProject
Project("{9A19103F-16F7-4668-BE54-9A1E7A4F7556}") = "02.NumbersFrom1ToNReversed", "..\02.NumbersFrom1ToNReversed\02.NumbersFrom1ToNReversed.csproj", "{96936549-1F3E-4835-98D3-A6956000AF47}"
EndProject
Project("{9A19103F-16F7-4668-BE54-9A1E7A4F7556}") = "03.NumbersFrom1ToNStep3", "..\03.NumbersFrom1ToNStep3\03.NumbersFrom1ToNStep3.csproj", "{F0D7DBB0-2383-4D95-9271-8AE220F5041A}"
EndProject
Project("{9A19103F-16F7-4668-BE54-9A1E7A4F7556}") = "04.EvenPowersOf2", "..\04.EvenPowersOf2\04.EvenPowersOf2.csproj", "{0F9210C2-5890-4C28-B381-520F9015E584}"
EndProject
Project("{9A19103F-16F7-4668-BE54-9A1E7A4F7556}") = "05.SumofNumbers", "..\05.SumofNumbers\05.SumofNumbers.csproj", "{4EA19B9C-6859-4E5C-84F5-058D8ED97B91}"
EndProject
Project("{9A19103F-16F7-4668-BE54-9A1E7A4F7556}") = "00.JustATest", "..\00.JustATest\00.JustATest.csproj", "{0E4CEEB2-B89F-49B1-BD81-695A42230569}"
EndProject
Project("{9A19103F-16F7-4668-BE54-9A1E7A4F7556}") = "06.SequenceOfNumbers2k+1", "..\06.SequenceOfNumbers2k+1\06.SequenceOfNumbers2k+1.csproj", "{0ACB10B1-F1D4-4480-B7EA-BCF8DEE1F8BC}"
EndProject
Project("{9A19103F-16F7-4668-BE54-9A1E7A4F7556}") = "07.AccountBalance", "..\07.AccountBalance\07.AccountBalance.csproj", "{B0EC5149-DB2B-41BC-B97C-945479EA84FF}"
EndProject
Project("{9A19103F-16F7-4668-BE54-9A1E7A4F7556}") = "08.TheGreatestNumber", "..\08.TheGreatestNumber\08.TheGreatestNumber.csproj", "{23C661A5-E9C6-425E-AAE4-A212AB5E325D}"
EndProject
Project("{9A19103F-16F7-4668-BE54-9A1E7A4F7556}") = "09.TheSmallestNumber", "..\09.TheSmallestNumber\09.TheSmallestNumber.csproj", "{79BE9553-6F14-4554-B8F7-24971059EB44}"
EndProject
Project("{9A19103F-16F7-4668-BE54-9A1E7A4F7556}") = "10.Graduation", "..\10.Graduation\10.Graduation.csproj", "{5A8C5409-4049-4093-BAE6-F2BB0D10C417}"
EndProject
Project("{9A19103F-16F7-4668-BE54-9A1E7A4F7556}") = "11.NumbersUpTo1000Endingin7", "..\11.NumbersUpTo1000Endingin7\11.NumbersUpTo1000Endingin7.csproj", "{89195057-C7F5-4B0B-B0BD-12DFCD532A6C}"
EndProject
Project("{9A19103F-16F7-4668-BE54-9A1E7A4F7556}") = "12.ElementThatEqualsToTheSumOfOthers", "..\12.Half SumElement\12.ElementThatEqualsToTheSumOfOthers.csproj", "{8541C46D-CB59-4763-A53B-E7DC9B03D3C0}"
EndProject
Project("{9A19103F-16F7-4668-BE54-9A1E7A4F7556}") = "13.TheOldLibrary", "..\13.TheOldLibrary\13.TheOldLibrary.csproj", "{98AB8EE2-F56E-4A57-8125-BA0B98DBFB34}"
EndProject
Project("{9A19103F-16F7-4668-BE54-9A1E7A4F7556}") = "14.ExamPreparation", "..\14.ExamPreparation\14.ExamPreparation.csproj", "{8724EB1A-4D3B-43DB-B057-0EE1D4B34A46}"
EndProject
Project("{9A19103F-16F7-4668-BE54-9A1E7A4F7556}") = "15.Vacation", "..\15.Vacation\15.Vacation.csproj", "{929E560E-220D-499D-8011-EFB7EC8A5A4F}"
EndProject
Project("{9A19103F-16F7-4668-BE54-9A1E7A4F7556}") = "16.Walking", "..\16.Walking\16.Walking.csproj", "{FE37C4DE-8346-47D1-A35C-9F0A8A52A3B9}"
EndProject
Project("{9A19103F-16F7-4668-BE54-9A1E7A4F7556}") = "17.Coins", "..\17.Coins\17.Coins.csproj", "{8A7BAE79-59C8-4CF7-9D70-DA0E07E831DE}"
EndProject
Project("{9A19103F-16F7-4668-BE54-9A1E7A4F7556}") = "18. Cake", "..\18. Cake\18. Cake.csproj", "{DB8C6C40-B321-4C09-8CDD-F82F8964C21B}"
EndProject
Project("{9A19103F-16F7-4668-BE54-9A1E7A4F7556}") = "19.Moving", "..\19.Moving\19.Moving.csproj", "{D1CE133C-3692-4909-A531-E60144B2074B}"
EndProject
Project("{9A19103F-16F7-4668-BE54-9A1E7A4F7556}") = "21.NumberPyramid", "..\21.NumberPyramid\21.NumberPyramid.csproj", "{10199EFA-1848-418B-8BF2-0A953B687284}"
EndProject
Project("{9A19103F-16F7-4668-BE54-9A1E7A4F7556}") = "22.EqualSumOfEvenAndOdd", "..\22.EqualSumOfEvenAndOdd\22.EqualSumOfEvenAndOdd.csproj", "{0B2AEC2F-A088-43DB-874B-5DFA3FC71C88}"
EndProject
Project("{9A19103F-16F7-4668-BE54-9A1E7A4F7556}") = "23.SumOfPrimeAndNon-PrimeNumbers", "..\23.SumOfPrimeAndNon-PrimeNumbers\23.SumOfPrimeAndNon-PrimeNumbers.csproj", "{ABF60886-DC46-4AF1-9484-44AB9250E34F}"
EndProject
Project("{9A19103F-16F7-4668-BE54-9A1E7A4F7556}") = "PrimeNumbersCheck", "..\PrimeNumbersCheck\PrimeNumbersCheck.csproj", "{CA455AD6-0400-483C-8C1D-BC569588D2D0}"
EndProject
Project("{9A19103F-16F7-4668-BE54-9A1E7A4F7556}") = "24.TrainТheTrainers", "..\24.TrainТheTrainers\24.TrainТheTrainers.csproj", "{571BD94B-79E5-4CA4-998F-F0596F0E5EF6}"
EndProject
Project("{9A19103F-16F7-4668-BE54-9A1E7A4F7556}") = "stringReadin", "..\stringReadin\stringReadin.csproj", "{8E770566-659F-4D21-A218-9A20B70183CE}"
EndProject
Project("{9A19103F-16F7-4668-BE54-9A1E7A4F7556}") = "25.SpecialNumbers", "..\25.SpecialNumbers\25.SpecialNumbers.csproj", "{52F1CFE1-9D10-4CE1-98FF-6CEC7A74C9EB}"
EndProject
Project("{9A19103F-16F7-4668-BE54-9A1E7A4F7556}") = "26.CinemaTickets", "..\26.CinemaTickets\26.CinemaTickets.csproj", "{D490015E-B0B4-4C6B-9732-3B922588F462}"
EndProject
Project("{9A19103F-16F7-4668-BE54-9A1E7A4F7556}") = "31.NumbersInRange", "..\11.NumbersInRange\31.NumbersInRange.csproj", "{A13E30FF-92AC-41AA-8FB3-C550F5BDD28B}"
EndProject
Project("{9A19103F-16F7-4668-BE54-9A1E7A4F7556}") = "32.FirstNNumbersSum", "..\32.FirstNNumbersSum\32.FirstNNumbersSum.csproj", "{C200668D-598C-4521-9852-DD9458D26A2A}"
EndProject
Project("{9A19103F-16F7-4668-BE54-9A1E7A4F7556}") = "33.SumNumbers", "..\33.SumNumbers\33.SumNumbers.csproj", "{1A42F903-8A2B-4CA2-8E6F-8486777F5AC1}"
EndProject
Project("{9A19103F-16F7-4668-BE54-9A1E7A4F7556}") = "36.ExamCountdown", "..\36.ExamCountdown\36.ExamCountdown.csproj", "{1B66F178-FCFC-41D3-98E6-422FC24EEC4E}"
EndProject
Project("{9A19103F-16F7-4668-BE54-9A1E7A4F7556}") = "37.LatinLetters", "..\37.LatinLetters\37.LatinLetters.csproj", "{02BBFBB4-224E-4B68-8B87-5935C51F294A}"
EndProject
Project("{9A19103F-16F7-4668-BE54-9A1E7A4F7556}") = "41.DecreasingNumbers", "..\41.DecreasingNumbers\41.DecreasingNumbers.csproj", "{E50121C3-7FE8-4EF1-A58F-653CD28053F7}"
EndProject
Project("{9A19103F-16F7-4668-BE54-9A1E7A4F7556}") = "42.OddNumber", "..\42.OddNumber\42.OddNumber.csproj", "{7D1A26E1-999C-41E8-A240-5C4C1C8DF0A7}"
EndProject
Project("{9A19103F-16F7-4668-BE54-9A1E7A4F7556}") = "44.SumDigits", "..\44.SumDigits\44.SumDigits.csproj", "{D22BC597-5867-4DAB-B731-683AA007AB27}"
EndProject
Project("{9A19103F-16F7-4668-BE54-9A1E7A4F7556}") = "45.NumberInRange", "..\45.NumberInRange\45.NumberInRange.csproj", "{1D4C03B7-C45E-49E1-942F-37CA5A6834A2}"
EndProject
Project("{9A19103F-16F7-4668-BE54-9A1E7A4F7556}") = "46.NumberProcessor", "..\46.NumberProcessor\46.NumberProcessor.csproj", "{CB361A64-3683-414C-AAB5-852BE730AC01}"
EndProject
Project("{9A19103F-16F7-4668-BE54-9A1E7A4F7556}") = "51.PowerOfNumber", "..\51.PowerOfNumber\51.PowerOfNumber.csproj", "{9329A60B-8CA6-4ABA-B5BE-82D1D745D14D}"
EndProject
Project("{9A19103F-16F7-4668-BE54-9A1E7A4F7556}") = "52.MultiplicationTable", "..\52.MultiplicationTable\52.MultiplicationTable.csproj", "{CA62E84A-79D6-48E7-8992-46BCE5EFA127}"
EndProject
Project("{9A19103F-16F7-4668-BE54-9A1E7A4F7556}") = "53.BiggestNumber", "..\53.BiggestNumber\53.BiggestNumber.csproj", "{9670C365-52B6-4985-99AB-3CFBA26A88E4}"
EndProject
Project("{9A19103F-16F7-4668-BE54-9A1E7A4F7556}") = "54.VowelSum", "..\54.VowelSum\54.VowelSum.csproj", "{82629048-C962-4E97-89C7-1BC3AF6267E1}"
EndProject
Project("{9A19103F-16F7-4668-BE54-9A1E7A4F7556}") = "55.DivisionTo23And4", "..\55.DivisionTo23And4\55.DivisionTo23And4.csproj", "{C518D36D-1556-47F1-8AC1-A31195A9D6C5}"
EndProject
Project("{9A19103F-16F7-4668-BE54-9A1E7A4F7556}") = "56.SpecialNumber", "..\56.SpecialNumber\56.SpecialNumber.csproj", "{10A59C6D-4D8C-4667-9AAA-156851FA882F}"
EndProject
Project("{9A19103F-16F7-4668-BE54-9A1E7A4F7556}") = "57.SpecialBonus", "..\57.SpecialBonus\57.SpecialBonus.csproj", "{DDA93CC0-B5A5-43E5-9C0A-248404D57A96}"
EndProject
Project("{9A19103F-16F7-4668-BE54-9A1E7A4F7556}") = "58.AccountBalance", "..\58.AccountBalance\58.AccountBalance.csproj", "{7A8DB656-BE14-41B6-B600-46181108F581}"
EndProject
Project("{9A19103F-16F7-4668-BE54-9A1E7A4F7556}") = "63.TriangleOfStars", "..\63.TriangleOfStars\63.TriangleOfStars.csproj", "{5E6B0B0A-8971-4071-924A-C0341FEE4ACD}"
EndProject
Project("{FAE04EC0-301F-11D3-BF4B-00C04F79EFBC}") = "64.Building", "..\64.Building\64.Building.csproj", "{B5901753-0AF0-4D0D-88FB-ABAB12656820}"
EndProject
Global
	GlobalSection(SolutionConfigurationPlatforms) = preSolution
		Debug|Any CPU = Debug|Any CPU
		Release|Any CPU = Release|Any CPU
	EndGlobalSection
	GlobalSection(ProjectConfigurationPlatforms) = postSolution
		{0B2BA022-531A-416D-B88B-96142720D848}.Debug|Any CPU.ActiveCfg = Debug|Any CPU
		{0B2BA022-531A-416D-B88B-96142720D848}.Debug|Any CPU.Build.0 = Debug|Any CPU
		{0B2BA022-531A-416D-B88B-96142720D848}.Release|Any CPU.ActiveCfg = Release|Any CPU
		{0B2BA022-531A-416D-B88B-96142720D848}.Release|Any CPU.Build.0 = Release|Any CPU
		{96936549-1F3E-4835-98D3-A6956000AF47}.Debug|Any CPU.ActiveCfg = Debug|Any CPU
		{96936549-1F3E-4835-98D3-A6956000AF47}.Debug|Any CPU.Build.0 = Debug|Any CPU
		{96936549-1F3E-4835-98D3-A6956000AF47}.Release|Any CPU.ActiveCfg = Release|Any CPU
		{96936549-1F3E-4835-98D3-A6956000AF47}.Release|Any CPU.Build.0 = Release|Any CPU
		{F0D7DBB0-2383-4D95-9271-8AE220F5041A}.Debug|Any CPU.ActiveCfg = Debug|Any CPU
		{F0D7DBB0-2383-4D95-9271-8AE220F5041A}.Debug|Any CPU.Build.0 = Debug|Any CPU
		{F0D7DBB0-2383-4D95-9271-8AE220F5041A}.Release|Any CPU.ActiveCfg = Release|Any CPU
		{F0D7DBB0-2383-4D95-9271-8AE220F5041A}.Release|Any CPU.Build.0 = Release|Any CPU
		{0F9210C2-5890-4C28-B381-520F9015E584}.Debug|Any CPU.ActiveCfg = Debug|Any CPU
		{0F9210C2-5890-4C28-B381-520F9015E584}.Debug|Any CPU.Build.0 = Debug|Any CPU
		{0F9210C2-5890-4C28-B381-520F9015E584}.Release|Any CPU.ActiveCfg = Release|Any CPU
		{0F9210C2-5890-4C28-B381-520F9015E584}.Release|Any CPU.Build.0 = Release|Any CPU
		{4EA19B9C-6859-4E5C-84F5-058D8ED97B91}.Debug|Any CPU.ActiveCfg = Debug|Any CPU
		{4EA19B9C-6859-4E5C-84F5-058D8ED97B91}.Debug|Any CPU.Build.0 = Debug|Any CPU
		{4EA19B9C-6859-4E5C-84F5-058D8ED97B91}.Release|Any CPU.ActiveCfg = Release|Any CPU
		{4EA19B9C-6859-4E5C-84F5-058D8ED97B91}.Release|Any CPU.Build.0 = Release|Any CPU
		{0E4CEEB2-B89F-49B1-BD81-695A42230569}.Debug|Any CPU.ActiveCfg = Debug|Any CPU
		{0E4CEEB2-B89F-49B1-BD81-695A42230569}.Debug|Any CPU.Build.0 = Debug|Any CPU
		{0E4CEEB2-B89F-49B1-BD81-695A42230569}.Release|Any CPU.ActiveCfg = Release|Any CPU
		{0E4CEEB2-B89F-49B1-BD81-695A42230569}.Release|Any CPU.Build.0 = Release|Any CPU
		{0ACB10B1-F1D4-4480-B7EA-BCF8DEE1F8BC}.Debug|Any CPU.ActiveCfg = Debug|Any CPU
		{0ACB10B1-F1D4-4480-B7EA-BCF8DEE1F8BC}.Debug|Any CPU.Build.0 = Debug|Any CPU
		{0ACB10B1-F1D4-4480-B7EA-BCF8DEE1F8BC}.Release|Any CPU.ActiveCfg = Release|Any CPU
		{0ACB10B1-F1D4-4480-B7EA-BCF8DEE1F8BC}.Release|Any CPU.Build.0 = Release|Any CPU
		{B0EC5149-DB2B-41BC-B97C-945479EA84FF}.Debug|Any CPU.ActiveCfg = Debug|Any CPU
		{B0EC5149-DB2B-41BC-B97C-945479EA84FF}.Debug|Any CPU.Build.0 = Debug|Any CPU
		{B0EC5149-DB2B-41BC-B97C-945479EA84FF}.Release|Any CPU.ActiveCfg = Release|Any CPU
		{B0EC5149-DB2B-41BC-B97C-945479EA84FF}.Release|Any CPU.Build.0 = Release|Any CPU
		{23C661A5-E9C6-425E-AAE4-A212AB5E325D}.Debug|Any CPU.ActiveCfg = Debug|Any CPU
		{23C661A5-E9C6-425E-AAE4-A212AB5E325D}.Debug|Any CPU.Build.0 = Debug|Any CPU
		{23C661A5-E9C6-425E-AAE4-A212AB5E325D}.Release|Any CPU.ActiveCfg = Release|Any CPU
		{23C661A5-E9C6-425E-AAE4-A212AB5E325D}.Release|Any CPU.Build.0 = Release|Any CPU
		{79BE9553-6F14-4554-B8F7-24971059EB44}.Debug|Any CPU.ActiveCfg = Debug|Any CPU
		{79BE9553-6F14-4554-B8F7-24971059EB44}.Debug|Any CPU.Build.0 = Debug|Any CPU
		{79BE9553-6F14-4554-B8F7-24971059EB44}.Release|Any CPU.ActiveCfg = Release|Any CPU
		{79BE9553-6F14-4554-B8F7-24971059EB44}.Release|Any CPU.Build.0 = Release|Any CPU
		{5A8C5409-4049-4093-BAE6-F2BB0D10C417}.Debug|Any CPU.ActiveCfg = Debug|Any CPU
		{5A8C5409-4049-4093-BAE6-F2BB0D10C417}.Debug|Any CPU.Build.0 = Debug|Any CPU
		{5A8C5409-4049-4093-BAE6-F2BB0D10C417}.Release|Any CPU.ActiveCfg = Release|Any CPU
		{5A8C5409-4049-4093-BAE6-F2BB0D10C417}.Release|Any CPU.Build.0 = Release|Any CPU
		{89195057-C7F5-4B0B-B0BD-12DFCD532A6C}.Debug|Any CPU.ActiveCfg = Debug|Any CPU
		{89195057-C7F5-4B0B-B0BD-12DFCD532A6C}.Debug|Any CPU.Build.0 = Debug|Any CPU
		{89195057-C7F5-4B0B-B0BD-12DFCD532A6C}.Release|Any CPU.ActiveCfg = Release|Any CPU
		{89195057-C7F5-4B0B-B0BD-12DFCD532A6C}.Release|Any CPU.Build.0 = Release|Any CPU
		{8541C46D-CB59-4763-A53B-E7DC9B03D3C0}.Debug|Any CPU.ActiveCfg = Debug|Any CPU
		{8541C46D-CB59-4763-A53B-E7DC9B03D3C0}.Debug|Any CPU.Build.0 = Debug|Any CPU
		{8541C46D-CB59-4763-A53B-E7DC9B03D3C0}.Release|Any CPU.ActiveCfg = Release|Any CPU
		{8541C46D-CB59-4763-A53B-E7DC9B03D3C0}.Release|Any CPU.Build.0 = Release|Any CPU
		{98AB8EE2-F56E-4A57-8125-BA0B98DBFB34}.Debug|Any CPU.ActiveCfg = Debug|Any CPU
		{98AB8EE2-F56E-4A57-8125-BA0B98DBFB34}.Debug|Any CPU.Build.0 = Debug|Any CPU
		{98AB8EE2-F56E-4A57-8125-BA0B98DBFB34}.Release|Any CPU.ActiveCfg = Release|Any CPU
		{98AB8EE2-F56E-4A57-8125-BA0B98DBFB34}.Release|Any CPU.Build.0 = Release|Any CPU
		{8724EB1A-4D3B-43DB-B057-0EE1D4B34A46}.Debug|Any CPU.ActiveCfg = Debug|Any CPU
		{8724EB1A-4D3B-43DB-B057-0EE1D4B34A46}.Debug|Any CPU.Build.0 = Debug|Any CPU
		{8724EB1A-4D3B-43DB-B057-0EE1D4B34A46}.Release|Any CPU.ActiveCfg = Release|Any CPU
		{8724EB1A-4D3B-43DB-B057-0EE1D4B34A46}.Release|Any CPU.Build.0 = Release|Any CPU
		{929E560E-220D-499D-8011-EFB7EC8A5A4F}.Debug|Any CPU.ActiveCfg = Debug|Any CPU
		{929E560E-220D-499D-8011-EFB7EC8A5A4F}.Debug|Any CPU.Build.0 = Debug|Any CPU
		{929E560E-220D-499D-8011-EFB7EC8A5A4F}.Release|Any CPU.ActiveCfg = Release|Any CPU
		{929E560E-220D-499D-8011-EFB7EC8A5A4F}.Release|Any CPU.Build.0 = Release|Any CPU
		{FE37C4DE-8346-47D1-A35C-9F0A8A52A3B9}.Debug|Any CPU.ActiveCfg = Debug|Any CPU
		{FE37C4DE-8346-47D1-A35C-9F0A8A52A3B9}.Debug|Any CPU.Build.0 = Debug|Any CPU
		{FE37C4DE-8346-47D1-A35C-9F0A8A52A3B9}.Release|Any CPU.ActiveCfg = Release|Any CPU
		{FE37C4DE-8346-47D1-A35C-9F0A8A52A3B9}.Release|Any CPU.Build.0 = Release|Any CPU
		{8A7BAE79-59C8-4CF7-9D70-DA0E07E831DE}.Debug|Any CPU.ActiveCfg = Debug|Any CPU
		{8A7BAE79-59C8-4CF7-9D70-DA0E07E831DE}.Debug|Any CPU.Build.0 = Debug|Any CPU
		{8A7BAE79-59C8-4CF7-9D70-DA0E07E831DE}.Release|Any CPU.ActiveCfg = Release|Any CPU
		{8A7BAE79-59C8-4CF7-9D70-DA0E07E831DE}.Release|Any CPU.Build.0 = Release|Any CPU
		{DB8C6C40-B321-4C09-8CDD-F82F8964C21B}.Debug|Any CPU.ActiveCfg = Debug|Any CPU
		{DB8C6C40-B321-4C09-8CDD-F82F8964C21B}.Debug|Any CPU.Build.0 = Debug|Any CPU
		{DB8C6C40-B321-4C09-8CDD-F82F8964C21B}.Release|Any CPU.ActiveCfg = Release|Any CPU
		{DB8C6C40-B321-4C09-8CDD-F82F8964C21B}.Release|Any CPU.Build.0 = Release|Any CPU
		{D1CE133C-3692-4909-A531-E60144B2074B}.Debug|Any CPU.ActiveCfg = Debug|Any CPU
		{D1CE133C-3692-4909-A531-E60144B2074B}.Debug|Any CPU.Build.0 = Debug|Any CPU
		{D1CE133C-3692-4909-A531-E60144B2074B}.Release|Any CPU.ActiveCfg = Release|Any CPU
		{D1CE133C-3692-4909-A531-E60144B2074B}.Release|Any CPU.Build.0 = Release|Any CPU
		{10199EFA-1848-418B-8BF2-0A953B687284}.Debug|Any CPU.ActiveCfg = Debug|Any CPU
		{10199EFA-1848-418B-8BF2-0A953B687284}.Debug|Any CPU.Build.0 = Debug|Any CPU
		{10199EFA-1848-418B-8BF2-0A953B687284}.Release|Any CPU.ActiveCfg = Release|Any CPU
		{10199EFA-1848-418B-8BF2-0A953B687284}.Release|Any CPU.Build.0 = Release|Any CPU
		{0B2AEC2F-A088-43DB-874B-5DFA3FC71C88}.Debug|Any CPU.ActiveCfg = Debug|Any CPU
		{0B2AEC2F-A088-43DB-874B-5DFA3FC71C88}.Debug|Any CPU.Build.0 = Debug|Any CPU
		{0B2AEC2F-A088-43DB-874B-5DFA3FC71C88}.Release|Any CPU.ActiveCfg = Release|Any CPU
		{0B2AEC2F-A088-43DB-874B-5DFA3FC71C88}.Release|Any CPU.Build.0 = Release|Any CPU
		{ABF60886-DC46-4AF1-9484-44AB9250E34F}.Debug|Any CPU.ActiveCfg = Debug|Any CPU
		{ABF60886-DC46-4AF1-9484-44AB9250E34F}.Debug|Any CPU.Build.0 = Debug|Any CPU
		{ABF60886-DC46-4AF1-9484-44AB9250E34F}.Release|Any CPU.ActiveCfg = Release|Any CPU
		{ABF60886-DC46-4AF1-9484-44AB9250E34F}.Release|Any CPU.Build.0 = Release|Any CPU
		{CA455AD6-0400-483C-8C1D-BC569588D2D0}.Debug|Any CPU.ActiveCfg = Debug|Any CPU
		{CA455AD6-0400-483C-8C1D-BC569588D2D0}.Debug|Any CPU.Build.0 = Debug|Any CPU
		{CA455AD6-0400-483C-8C1D-BC569588D2D0}.Release|Any CPU.ActiveCfg = Release|Any CPU
		{CA455AD6-0400-483C-8C1D-BC569588D2D0}.Release|Any CPU.Build.0 = Release|Any CPU
		{571BD94B-79E5-4CA4-998F-F0596F0E5EF6}.Debug|Any CPU.ActiveCfg = Debug|Any CPU
		{571BD94B-79E5-4CA4-998F-F0596F0E5EF6}.Debug|Any CPU.Build.0 = Debug|Any CPU
		{571BD94B-79E5-4CA4-998F-F0596F0E5EF6}.Release|Any CPU.ActiveCfg = Release|Any CPU
		{571BD94B-79E5-4CA4-998F-F0596F0E5EF6}.Release|Any CPU.Build.0 = Release|Any CPU
		{8E770566-659F-4D21-A218-9A20B70183CE}.Debug|Any CPU.ActiveCfg = Debug|Any CPU
		{8E770566-659F-4D21-A218-9A20B70183CE}.Debug|Any CPU.Build.0 = Debug|Any CPU
		{8E770566-659F-4D21-A218-9A20B70183CE}.Release|Any CPU.ActiveCfg = Release|Any CPU
		{8E770566-659F-4D21-A218-9A20B70183CE}.Release|Any CPU.Build.0 = Release|Any CPU
		{52F1CFE1-9D10-4CE1-98FF-6CEC7A74C9EB}.Debug|Any CPU.ActiveCfg = Debug|Any CPU
		{52F1CFE1-9D10-4CE1-98FF-6CEC7A74C9EB}.Debug|Any CPU.Build.0 = Debug|Any CPU
		{52F1CFE1-9D10-4CE1-98FF-6CEC7A74C9EB}.Release|Any CPU.ActiveCfg = Release|Any CPU
		{52F1CFE1-9D10-4CE1-98FF-6CEC7A74C9EB}.Release|Any CPU.Build.0 = Release|Any CPU
		{D490015E-B0B4-4C6B-9732-3B922588F462}.Debug|Any CPU.ActiveCfg = Debug|Any CPU
		{D490015E-B0B4-4C6B-9732-3B922588F462}.Debug|Any CPU.Build.0 = Debug|Any CPU
		{D490015E-B0B4-4C6B-9732-3B922588F462}.Release|Any CPU.ActiveCfg = Release|Any CPU
		{D490015E-B0B4-4C6B-9732-3B922588F462}.Release|Any CPU.Build.0 = Release|Any CPU
		{A13E30FF-92AC-41AA-8FB3-C550F5BDD28B}.Debug|Any CPU.ActiveCfg = Debug|Any CPU
		{A13E30FF-92AC-41AA-8FB3-C550F5BDD28B}.Debug|Any CPU.Build.0 = Debug|Any CPU
		{A13E30FF-92AC-41AA-8FB3-C550F5BDD28B}.Release|Any CPU.ActiveCfg = Release|Any CPU
		{A13E30FF-92AC-41AA-8FB3-C550F5BDD28B}.Release|Any CPU.Build.0 = Release|Any CPU
		{C200668D-598C-4521-9852-DD9458D26A2A}.Debug|Any CPU.ActiveCfg = Debug|Any CPU
		{C200668D-598C-4521-9852-DD9458D26A2A}.Debug|Any CPU.Build.0 = Debug|Any CPU
		{C200668D-598C-4521-9852-DD9458D26A2A}.Release|Any CPU.ActiveCfg = Release|Any CPU
		{C200668D-598C-4521-9852-DD9458D26A2A}.Release|Any CPU.Build.0 = Release|Any CPU
		{1A42F903-8A2B-4CA2-8E6F-8486777F5AC1}.Debug|Any CPU.ActiveCfg = Debug|Any CPU
		{1A42F903-8A2B-4CA2-8E6F-8486777F5AC1}.Debug|Any CPU.Build.0 = Debug|Any CPU
		{1A42F903-8A2B-4CA2-8E6F-8486777F5AC1}.Release|Any CPU.ActiveCfg = Release|Any CPU
		{1A42F903-8A2B-4CA2-8E6F-8486777F5AC1}.Release|Any CPU.Build.0 = Release|Any CPU
		{1B66F178-FCFC-41D3-98E6-422FC24EEC4E}.Debug|Any CPU.ActiveCfg = Debug|Any CPU
		{1B66F178-FCFC-41D3-98E6-422FC24EEC4E}.Debug|Any CPU.Build.0 = Debug|Any CPU
		{1B66F178-FCFC-41D3-98E6-422FC24EEC4E}.Release|Any CPU.ActiveCfg = Release|Any CPU
		{1B66F178-FCFC-41D3-98E6-422FC24EEC4E}.Release|Any CPU.Build.0 = Release|Any CPU
		{02BBFBB4-224E-4B68-8B87-5935C51F294A}.Debug|Any CPU.ActiveCfg = Debug|Any CPU
		{02BBFBB4-224E-4B68-8B87-5935C51F294A}.Debug|Any CPU.Build.0 = Debug|Any CPU
		{02BBFBB4-224E-4B68-8B87-5935C51F294A}.Release|Any CPU.ActiveCfg = Release|Any CPU
		{02BBFBB4-224E-4B68-8B87-5935C51F294A}.Release|Any CPU.Build.0 = Release|Any CPU
		{E50121C3-7FE8-4EF1-A58F-653CD28053F7}.Debug|Any CPU.ActiveCfg = Debug|Any CPU
		{E50121C3-7FE8-4EF1-A58F-653CD28053F7}.Debug|Any CPU.Build.0 = Debug|Any CPU
		{E50121C3-7FE8-4EF1-A58F-653CD28053F7}.Release|Any CPU.ActiveCfg = Release|Any CPU
		{E50121C3-7FE8-4EF1-A58F-653CD28053F7}.Release|Any CPU.Build.0 = Release|Any CPU
		{7D1A26E1-999C-41E8-A240-5C4C1C8DF0A7}.Debug|Any CPU.ActiveCfg = Debug|Any CPU
		{7D1A26E1-999C-41E8-A240-5C4C1C8DF0A7}.Debug|Any CPU.Build.0 = Debug|Any CPU
		{7D1A26E1-999C-41E8-A240-5C4C1C8DF0A7}.Release|Any CPU.ActiveCfg = Release|Any CPU
		{7D1A26E1-999C-41E8-A240-5C4C1C8DF0A7}.Release|Any CPU.Build.0 = Release|Any CPU
		{D22BC597-5867-4DAB-B731-683AA007AB27}.Debug|Any CPU.ActiveCfg = Debug|Any CPU
		{D22BC597-5867-4DAB-B731-683AA007AB27}.Debug|Any CPU.Build.0 = Debug|Any CPU
		{D22BC597-5867-4DAB-B731-683AA007AB27}.Release|Any CPU.ActiveCfg = Release|Any CPU
		{D22BC597-5867-4DAB-B731-683AA007AB27}.Release|Any CPU.Build.0 = Release|Any CPU
		{1D4C03B7-C45E-49E1-942F-37CA5A6834A2}.Debug|Any CPU.ActiveCfg = Debug|Any CPU
		{1D4C03B7-C45E-49E1-942F-37CA5A6834A2}.Debug|Any CPU.Build.0 = Debug|Any CPU
		{1D4C03B7-C45E-49E1-942F-37CA5A6834A2}.Release|Any CPU.ActiveCfg = Release|Any CPU
		{1D4C03B7-C45E-49E1-942F-37CA5A6834A2}.Release|Any CPU.Build.0 = Release|Any CPU
		{CB361A64-3683-414C-AAB5-852BE730AC01}.Debug|Any CPU.ActiveCfg = Debug|Any CPU
		{CB361A64-3683-414C-AAB5-852BE730AC01}.Debug|Any CPU.Build.0 = Debug|Any CPU
		{CB361A64-3683-414C-AAB5-852BE730AC01}.Release|Any CPU.ActiveCfg = Release|Any CPU
		{CB361A64-3683-414C-AAB5-852BE730AC01}.Release|Any CPU.Build.0 = Release|Any CPU
		{9329A60B-8CA6-4ABA-B5BE-82D1D745D14D}.Debug|Any CPU.ActiveCfg = Debug|Any CPU
		{9329A60B-8CA6-4ABA-B5BE-82D1D745D14D}.Debug|Any CPU.Build.0 = Debug|Any CPU
		{9329A60B-8CA6-4ABA-B5BE-82D1D745D14D}.Release|Any CPU.ActiveCfg = Release|Any CPU
		{9329A60B-8CA6-4ABA-B5BE-82D1D745D14D}.Release|Any CPU.Build.0 = Release|Any CPU
		{CA62E84A-79D6-48E7-8992-46BCE5EFA127}.Debug|Any CPU.ActiveCfg = Debug|Any CPU
		{CA62E84A-79D6-48E7-8992-46BCE5EFA127}.Debug|Any CPU.Build.0 = Debug|Any CPU
		{CA62E84A-79D6-48E7-8992-46BCE5EFA127}.Release|Any CPU.ActiveCfg = Release|Any CPU
		{CA62E84A-79D6-48E7-8992-46BCE5EFA127}.Release|Any CPU.Build.0 = Release|Any CPU
		{9670C365-52B6-4985-99AB-3CFBA26A88E4}.Debug|Any CPU.ActiveCfg = Debug|Any CPU
		{9670C365-52B6-4985-99AB-3CFBA26A88E4}.Debug|Any CPU.Build.0 = Debug|Any CPU
		{9670C365-52B6-4985-99AB-3CFBA26A88E4}.Release|Any CPU.ActiveCfg = Release|Any CPU
		{9670C365-52B6-4985-99AB-3CFBA26A88E4}.Release|Any CPU.Build.0 = Release|Any CPU
		{82629048-C962-4E97-89C7-1BC3AF6267E1}.Debug|Any CPU.ActiveCfg = Debug|Any CPU
		{82629048-C962-4E97-89C7-1BC3AF6267E1}.Debug|Any CPU.Build.0 = Debug|Any CPU
		{82629048-C962-4E97-89C7-1BC3AF6267E1}.Release|Any CPU.ActiveCfg = Release|Any CPU
		{82629048-C962-4E97-89C7-1BC3AF6267E1}.Release|Any CPU.Build.0 = Release|Any CPU
		{C518D36D-1556-47F1-8AC1-A31195A9D6C5}.Debug|Any CPU.ActiveCfg = Debug|Any CPU
		{C518D36D-1556-47F1-8AC1-A31195A9D6C5}.Debug|Any CPU.Build.0 = Debug|Any CPU
		{C518D36D-1556-47F1-8AC1-A31195A9D6C5}.Release|Any CPU.ActiveCfg = Release|Any CPU
		{C518D36D-1556-47F1-8AC1-A31195A9D6C5}.Release|Any CPU.Build.0 = Release|Any CPU
		{10A59C6D-4D8C-4667-9AAA-156851FA882F}.Debug|Any CPU.ActiveCfg = Debug|Any CPU
		{10A59C6D-4D8C-4667-9AAA-156851FA882F}.Debug|Any CPU.Build.0 = Debug|Any CPU
		{10A59C6D-4D8C-4667-9AAA-156851FA882F}.Release|Any CPU.ActiveCfg = Release|Any CPU
		{10A59C6D-4D8C-4667-9AAA-156851FA882F}.Release|Any CPU.Build.0 = Release|Any CPU
		{DDA93CC0-B5A5-43E5-9C0A-248404D57A96}.Debug|Any CPU.ActiveCfg = Debug|Any CPU
		{DDA93CC0-B5A5-43E5-9C0A-248404D57A96}.Debug|Any CPU.Build.0 = Debug|Any CPU
		{DDA93CC0-B5A5-43E5-9C0A-248404D57A96}.Release|Any CPU.ActiveCfg = Release|Any CPU
		{DDA93CC0-B5A5-43E5-9C0A-248404D57A96}.Release|Any CPU.Build.0 = Release|Any CPU
		{7A8DB656-BE14-41B6-B600-46181108F581}.Debug|Any CPU.ActiveCfg = Debug|Any CPU
		{7A8DB656-BE14-41B6-B600-46181108F581}.Debug|Any CPU.Build.0 = Debug|Any CPU
		{7A8DB656-BE14-41B6-B600-46181108F581}.Release|Any CPU.ActiveCfg = Release|Any CPU
		{7A8DB656-BE14-41B6-B600-46181108F581}.Release|Any CPU.Build.0 = Release|Any CPU
		{5E6B0B0A-8971-4071-924A-C0341FEE4ACD}.Debug|Any CPU.ActiveCfg = Debug|Any CPU
		{5E6B0B0A-8971-4071-924A-C0341FEE4ACD}.Debug|Any CPU.Build.0 = Debug|Any CPU
		{5E6B0B0A-8971-4071-924A-C0341FEE4ACD}.Release|Any CPU.ActiveCfg = Release|Any CPU
		{5E6B0B0A-8971-4071-924A-C0341FEE4ACD}.Release|Any CPU.Build.0 = Release|Any CPU
		{B5901753-0AF0-4D0D-88FB-ABAB12656820}.Debug|Any CPU.ActiveCfg = Debug|Any CPU
		{B5901753-0AF0-4D0D-88FB-ABAB12656820}.Debug|Any CPU.Build.0 = Debug|Any CPU
		{B5901753-0AF0-4D0D-88FB-ABAB12656820}.Release|Any CPU.ActiveCfg = Release|Any CPU
		{B5901753-0AF0-4D0D-88FB-ABAB12656820}.Release|Any CPU.Build.0 = Release|Any CPU
	EndGlobalSection
	GlobalSection(SolutionProperties) = preSolution
		HideSolutionNode = FALSE
	EndGlobalSection
	GlobalSection(ExtensibilityGlobals) = postSolution
		SolutionGuid = {C4C2965C-5805-4B3E-90B9-DB4B5F03EAD5}
	EndGlobalSection
EndGlobal
